{
  "name": "recomendations_app",
  "lockfileVersion": 2,
  "requires": true,
  "packages": {
    "": {
      "dependencies": {
        "bootstrap5-tags": "^1.5.18"
      }
    },
    "node_modules/bootstrap5-tags": {
      "version": "1.5.18",
      "resolved": "https://registry.npmjs.org/bootstrap5-tags/-/bootstrap5-tags-1.5.18.tgz",
      "integrity": "sha512-vztvlF340WPRgtt2ctS4w5iqEEWNeTCOQOWcUllVr3Bh4af3YDWg+LzFUfrr8/xXTY9gxYnzjHSCzIwoKxjJ7Q=="
    }
  },
  "dependencies": {
    "bootstrap5-tags": {
      "version": "1.5.18",
      "resolved": "https://registry.npmjs.org/bootstrap5-tags/-/bootstrap5-tags-1.5.18.tgz",
      "integrity": "sha512-vztvlF340WPRgtt2ctS4w5iqEEWNeTCOQOWcUllVr3Bh4af3YDWg+LzFUfrr8/xXTY9gxYnzjHSCzIwoKxjJ7Q=="
    }
  }
}
